github.com/oneleo/golang-cht v0.0.0-20210205112407-768dcaee0f79 h1:jbuwC3dRRQjXyZiWzT1Aja8fjj2IwLEf1QpcfEplsxI=
github.com/oneleo/golang-cht/code/c01/c01p01mymath v0.0.0-20210205112407-768dcaee0f79 h1:Qw28uLEN/MRfSnW5YL0W8B5CODAdQO7hHJ7cF2evPNQ=
github.com/oneleo/golang-cht/code/c01/c01p01mymath v0.0.0-20210205112407-768dcaee0f79/go.mod h1:kfiFTTt9qSGz1LJtRgz2stnGzrqFRpNl3z77peQK7TY=
